// !$*UTF8*$!
{
	archiveVersion = 1;
	classes = {
	};
	objectVersion = 46;
	objects = {

/* Begin PBXBuildFile section */
		14E6FED81DF19B820096CE38 /* main.m in Sources */ = {isa = PBXBuildFile; fileRef = 14E6FED71DF19B820096CE38 /* main.m */; };
		14E6FEDB1DF19B820096CE38 /* AppDelegate.m in Sources */ = {isa = PBXBuildFile; fileRef = 14E6FEDA1DF19B820096CE38 /* AppDelegate.m */; };
		14E6FEDE1DF19B820096CE38 /* ViewController.m in Sources */ = {isa = PBXBuildFile; fileRef = 14E6FEDD1DF19B820096CE38 /* ViewController.m */; };
		14E6FEE11DF19B820096CE38 /* Main.storyboard in Resources */ = {isa = PBXBuildFile; fileRef = 14E6FEDF1DF19B820096CE38 /* Main.storyboard */; };
		14E6FEE31DF19B820096CE38 /* Assets.xcassets in Resources */ = {isa = PBXBuildFile; fileRef = 14E6FEE21DF19B820096CE38 /* Assets.xcassets */; };
		14E6FEE61DF19B820096CE38 /* LaunchScreen.storyboard in Resources */ = {isa = PBXBuildFile; fileRef = 14E6FEE41DF19B820096CE38 /* LaunchScreen.storyboard */; };
		14E6FEF11DF19B820096CE38 /* ScrollViewAutolayoutTests.m in Sources */ = {isa = PBXBuildFile; fileRef = 14E6FEF01DF19B820096CE38 /* ScrollViewAutolayoutTests.m */; };
		14E6FEFC1DF19B820096CE38 /* ScrollViewAutolayoutUITests.m in Sources */ = {isa = PBXBuildFile; fileRef = 14E6FEFB1DF19B820096CE38 /* ScrollViewAutolayoutUITests.m */; };
/* End PBXBuildFile section */

/* Begin PBXContainerItemProxy section */
		14E6FEED1DF19B820096CE38 /* PBXContainerItemProxy */ = {
			isa = PBXContainerItemProxy;
			containerPortal = 14E6FECB1DF19B820096CE38 /* Project object */;
			proxyType = 1;
			remoteGlobalIDString = 14E6FED21DF19B820096CE38;
			remoteInfo = ScrollViewAutolayout;
		};
		14E6FEF81DF19B820096CE38 /* PBXContainerItemProxy */ = {
			isa = PBXContainerItemProxy;
			containerPortal = 14E6FECB1DF19B820096CE38 /* Project object */;
			proxyType = 1;
			remoteGlobalIDString = 14E6FED21DF19B820096CE38;
			remoteInfo = ScrollViewAutolayout;
		};
/* End PBXContainerItemProxy section */

/* Begin PBXFileReference section */
		14E6FED31DF19B820096CE38 /* ScrollViewAutolayout.app */ = {isa = PBXFileReference; explicitFileType = wrapper.application; includeInIndex = 0; path = ScrollViewAutolayout.app; sourceTree = BUILT_PRODUCTS_DIR; };
		14E6FED71DF19B820096CE38 /* main.m */ = {isa = PBXFileReference; lastKnownFileType = sourcecode.c.objc; path = main.m; sourceTree = "<group>"; };
		14E6FED91DF19B820096CE38 /* AppDelegate.h */ = {isa = PBXFileReference; lastKnownFileType = sourcecode.c.h; path = AppDelegate.h; sourceTree = "<group>"; };
		14E6FEDA1DF19B820096CE38 /* AppDelegate.m */ = {isa = PBXFileReference; lastKnownFileType = sourcecode.c.objc; path = AppDelegate.m; sourceTree = "<group>"; };
		14E6FEDC1DF19B820096CE38 /* ViewController.h */ = {isa = PBXFileReference; lastKnownFileType = sourcecode.c.h; path = ViewController.h; sourceTree = "<group>"; };
		14E6FEDD1DF19B820096CE38 /* ViewController.m */ = {isa = PBXFileReference; lastKnownFileType = sourcecode.c.objc; path = ViewController.m; sourceTree = "<group>"; };
		14E6FEE01DF19B820096CE38 /* Base */ = {isa = PBXFileReference; lastKnownFileType = file.storyboard; name = Base; path = Base.lproj/Main.storyboard; sourceTree = "<group>"; };
		14E6FEE21DF19B820096CE38 /* Assets.xcassets */ = {isa = PBXFileReference; lastKnownFileType = folder.assetcatalog; path = Assets.xcassets; sourceTree = "<group>"; };
		14E6FEE51DF19B820096CE38 /* Base */ = {isa = PBXFileReference; lastKnownFileType = file.storyboard; name = Base; path = Base.lproj/LaunchScreen.storyboard; sourceTree = "<group>"; };
		14E6FEE71DF19B820096CE38 /* Info.plist */ = {isa = PBXFileReference; lastKnownFileType = text.plist.xml; path = Info.plist; sourceTree = "<group>"; };
		14E6FEEC1DF19B820096CE38 /* ScrollViewAutolayoutTests.xctest */ = {isa = PBXFileReference; explicitFileType = wrapper.cfbundle; includeInIndex = 0; path = ScrollViewAutolayoutTests.xctest; sourceTree = BUILT_PRODUCTS_DIR; };
		14E6FEF01DF19B820096CE38 /* ScrollViewAutolayoutTests.m */ = {isa = PBXFileReference; lastKnownFileType = sourcecode.c.objc; path = ScrollViewAutolayoutTests.m; sourceTree = "<group>"; };
		14E6FEF21DF19B820096CE38 /* Info.plist */ = {isa = PBXFileReference; lastKnownFileType = text.plist.xml; path = Info.plist; sourceTree = "<group>"; };
		14E6FEF71DF19B820096CE38 /* ScrollViewAutolayoutUITests.xctest */ = {isa = PBXFileReference; explicitFileType = wrapper.cfbundle; includeInIndex = 0; path = ScrollViewAutolayoutUITests.xctest; sourceTree = BUILT_PRODUCTS_DIR; };
		14E6FEFB1DF19B820096CE38 /* ScrollViewAutolayoutUITests.m */ = {isa = PBXFileReference; lastKnownFileType = sourcecode.c.objc; path = ScrollViewAutolayoutUITests.m; sourceTree = "<group>"; };
		14E6FEFD1DF19B820096CE38 /* Info.plist */ = {isa = PBXFileReference; lastKnownFileType = text.plist.xml; path = Info.plist; sourceTree = "<group>"; };
/* End PBXFileReference section */

/* Begin PBXFrameworksBuildPhase section */
		14E6FED01DF19B820096CE38 /* Frameworks */ = {
			isa = PBXFrameworksBuildPhase;
			buildActionMask = 2147483647;
			files = (
			);
			runOnlyForDeploymentPostprocessing = 0;
		};
		14E6FEE91DF19B820096CE38 /* Frameworks */ = {
			isa = PBXFrameworksBuildPhase;
			buildActionMask = 2147483647;
			files = (
			);
			runOnlyForDeploymentPostprocessing = 0;
		};
		14E6FEF41DF19B820096CE38 /* Frameworks */ = {
			isa = PBXFrameworksBuildPhase;
			buildActionMask = 2147483647;
			files = (
			);
			runOnlyForDeploymentPostprocessing = 0;
		};
/* End PBXFrameworksBuildPhase section */

/* Begin PBXGroup section */
		14E6FECA1DF19B820096CE38 = {
			isa = PBXGroup;
			children = (
				14E6FED51DF19B820096CE38 /* ScrollViewAutolayout */,
				14E6FEEF1DF19B820096CE38 /* ScrollViewAutolayoutTests */,
				14E6FEFA1DF19B820096CE38 /* ScrollViewAutolayoutUITests */,
				14E6FED41DF19B820096CE38 /* Products */,
			);
			sourceTree = "<group>";
		};
		14E6FED41DF19B820096CE38 /* Products */ = {
			isa = PBXGroup;
			children = (
				14E6FED31DF19B820096CE38 /* ScrollViewAutolayout.app */,
				14E6FEEC1DF19B820096CE38 /* ScrollViewAutolayoutTests.xctest */,
				14E6FEF71DF19B820096CE38 /* ScrollViewAutolayoutUITests.xctest */,
			);
			name = Products;
			sourceTree = "<group>";
		};
		14E6FED51DF19B820096CE38 /* ScrollViewAutolayout */ = {
			isa = PBXGroup;
			children = (
				14E6FED91DF19B820096CE38 /* AppDelegate.h */,
				14E6FEDA1DF19B820096CE38 /* AppDelegate.m */,
				14E6FEDC1DF19B820096CE38 /* ViewController.h */,
				14E6FEDD1DF19B820096CE38 /* ViewController.m */,
				14E6FEDF1DF19B820096CE38 /* Main.storyboard */,
				14E6FEE21DF19B820096CE38 /* Assets.xcassets */,
				14E6FEE41DF19B820096CE38 /* LaunchScreen.storyboard */,
				14E6FEE71DF19B820096CE38 /* Info.plist */,
				14E6FED61DF19B820096CE38 /* Supporting Files */,
			);
			path = ScrollViewAutolayout;
			sourceTree = "<group>";
		};
		14E6FED61DF19B820096CE38 /* Supporting Files */ = {
			isa = PBXGroup;
			children = (
				14E6FED71DF19B820096CE38 /* main.m */,
			);
			name = "Supporting Files";
			sourceTree = "<group>";
		};
		14E6FEEF1DF19B820096CE38 /* ScrollViewAutolayoutTests */ = {
			isa = PBXGroup;
			children = (
				14E6FEF01DF19B820096CE38 /* ScrollViewAutolayoutTests.m */,
				14E6FEF21DF19B820096CE38 /* Info.plist */,
			);
			path = ScrollViewAutolayoutTests;
			sourceTree = "<group>";
		};
		14E6FEFA1DF19B820096CE38 /* ScrollViewAutolayoutUITests */ = {
			isa = PBXGroup;
			children = (
				14E6FEFB1DF19B820096CE38 /* ScrollViewAutolayoutUITests.m */,
				14E6FEFD1DF19B820096CE38 /* Info.plist */,
			);
			path = ScrollViewAutolayoutUITests;
			sourceTree = "<group>";
		};
/* End PBXGroup section */

/* Begin PBXNativeTarget section */
		14E6FED21DF19B820096CE38 /* ScrollViewAutolayout */ = {
			isa = PBXNativeTarget;
			buildConfigurationList = 14E6FF001DF19B820096CE38 /* Build configuration list for PBXNativeTarget "ScrollViewAutolayout" */;
			buildPhases = (
				14E6FECF1DF19B820096CE38 /* Sources */,
				14E6FED01DF19B820096CE38 /* Frameworks */,
				14E6FED11DF19B820096CE38 /* Resources */,
			);
			buildRules = (
			);
			dependencies = (
			);
			name = ScrollViewAutolayout;
			productName = ScrollViewAutolayout;
			productReference = 14E6FED31DF19B820096CE38 /* ScrollViewAutolayout.app */;
			productType = "com.apple.product-type.application";
		};
		14E6FEEB1DF19B820096CE38 /* ScrollViewAutolayoutTests */ = {
			isa = PBXNativeTarget;
			buildConfigurationList = 14E6FF031DF19B820096CE38 /* Build configuration list for PBXNativeTarget "ScrollViewAutolayoutTests" */;
			buildPhases = (
				14E6FEE81DF19B820096CE38 /* Sources */,
				14E6FEE91DF19B820096CE38 /* Frameworks */,
				14E6FEEA1DF19B820096CE38 /* Resources */,
			);
			buildRules = (
			);
			dependencies = (
				14E6FEEE1DF19B820096CE38 /* PBXTargetDependency */,
			);
			name = ScrollViewAutolayoutTests;
			productName = ScrollViewAutolayoutTests;
			productReference = 14E6FEEC1DF19B820096CE38 /* ScrollViewAutolayoutTests.xctest */;
			productType = "com.apple.product-type.bundle.unit-test";
		};
		14E6FEF61DF19B820096CE38 /* ScrollViewAutolayoutUITests */ = {
			isa = PBXNativeTarget;
			buildConfigurationList = 14E6FF061DF19B820096CE38 /* Build configuration list for PBXNativeTarget "ScrollViewAutolayoutUITests" */;
			buildPhases = (
				14E6FEF31DF19B820096CE38 /* Sources */,
				14E6FEF41DF19B820096CE38 /* Frameworks */,
				14E6FEF51DF19B820096CE38 /* Resources */,
			);
			buildRules = (
			);
			dependencies = (
				14E6FEF91DF19B820096CE38 /* PBXTargetDependency */,
			);
			name = ScrollViewAutolayoutUITests;
			productName = ScrollViewAutolayoutUITests;
			productReference = 14E6FEF71DF19B820096CE38 /* ScrollViewAutolayoutUITests.xctest */;
			productType = "com.apple.product-type.bundle.ui-testing";
		};
/* End PBXNativeTarget section */

/* Begin PBXProject section */
		14E6FECB1DF19B820096CE38 /* Project object */ = {
			isa = PBXProject;
			attributes = {
				LastUpgradeCheck = 0800;
				ORGANIZATIONNAME = "Mahin Ibrahim";
				TargetAttributes = {
					14E6FED21DF19B820096CE38 = {
						CreatedOnToolsVersion = 8.0;
						DevelopmentTeam = ZBZK7L73XP;
						ProvisioningStyle = Automatic;
					};
					14E6FEEB1DF19B820096CE38 = {
						CreatedOnToolsVersion = 8.0;
						DevelopmentTeam = ZBZK7L73XP;
						ProvisioningStyle = Automatic;
						TestTargetID = 14E6FED21DF19B820096CE38;
					};
					14E6FEF61DF19B820096CE38 = {
						CreatedOnToolsVersion = 8.0;
						DevelopmentTeam = ZBZK7L73XP;
						ProvisioningStyle = Automatic;
						TestTargetID = 14E6FED21DF19B820096CE38;
					};
				};
			};
			buildConfigurationList = 14E6FECE1DF19B820096CE38 /* Build configuration list for PBXProject "ScrollViewAutolayout" */;
			compatibilityVersion = "Xcode 3.2";
			developmentRegion = English;
			hasScannedForEncodings = 0;
			knownRegions = (
				en,
				Base,
			);
			mainGroup = 14E6FECA1DF19B820096CE38;
			productRefGroup = 14E6FED41DF19B820096CE38 /* Products */;
			projectDirPath = "";
			projectRoot = "";
			targets = (
				14E6FED21DF19B820096CE38 /* ScrollViewAutolayout */,
				14E6FEEB1DF19B820096CE38 /* ScrollViewAutolayoutTests */,
				14E6FEF61DF19B820096CE38 /* ScrollViewAutolayoutUITests */,
			);
		};
/* End PBXProject section */

/* Begin PBXResourcesBuildPhase section */
		14E6FED11DF19B820096CE38 /* Resources */ = {
			isa = PBXResourcesBuildPhase;
			buildActionMask = 2147483647;
			files = (
				14E6FEE61DF19B820096CE38 /* LaunchScreen.storyboard in Resources */,
				14E6FEE31DF19B820096CE38 /* Assets.xcassets in Resources */,
				14E6FEE11DF19B820096CE38 /* Main.storyboard in Resources */,
			);
			runOnlyForDeploymentPostprocessing = 0;
		};
		14E6FEEA1DF19B820096CE38 /* Resources */ = {
			isa = PBXResourcesBuildPhase;
			buildActionMask = 2147483647;
			files = (
			);
			runOnlyForDeploymentPostprocessing = 0;
		};
		14E6FEF51DF19B820096CE38 /* Resources */ = {
			isa = PBXResourcesBuildPhase;
			buildActionMask = 2147483647;
			files = (
			);
			runOnlyForDeploymentPostprocessing = 0;
		};
/* End PBXResourcesBuildPhase section */

/* Begin PBXSourcesBuildPhase section */
		14E6FECF1DF19B820096CE38 /* Sources */ = {
			isa = PBXSourcesBuildPhase;
			buildActionMask = 2147483647;
			files = (
				14E6FEDE1DF19B820096CE38 /* ViewController.m in Sources */,
				14E6FEDB1DF19B820096CE38 /* AppDelegate.m in Sources */,
				14E6FED81DF19B820096CE38 /* main.m in Sources */,
			);
			runOnlyForDeploymentPostprocessing = 0;
		};
		14E6FEE81DF19B820096CE38 /* Sources */ = {
			isa = PBXSourcesBuildPhase;
			buildActionMask = 2147483647;
			files = (
				14E6FEF11DF19B820096CE38 /* ScrollViewAutolayoutTests.m in Sources */,
			);
			runOnlyForDeploymentPostprocessing = 0;
		};
		14E6FEF31DF19B820096CE38 /* Sources */ = {
			isa = PBXSourcesBuildPhase;
			buildActionMask = 2147483647;
			files = (
				14E6FEFC1DF19B820096CE38 /* ScrollViewAutolayoutUITests.m in Sources */,
			);
			runOnlyForDeploymentPostprocessing = 0;
		};
/* End PBXSourcesBuildPhase section */

/* Begin PBXTargetDependency section */
		14E6FEEE1DF19B820096CE38 /* PBXTargetDependency */ = {
			isa = PBXTargetDependency;
			target = 14E6FED21DF19B820096CE38 /* ScrollViewAutolayout */;
			targetProxy = 14E6FEED1DF19B820096CE38 /* PBXContainerItemProxy */;
		};
		14E6FEF91DF19B820096CE38 /* PBXTargetDependency */ = {
			isa = PBXTargetDependency;
			target = 14E6FED21DF19B820096CE38 /* ScrollViewAutolayout */;
			targetProxy = 14E6FEF81DF19B820096CE38 /* PBXContainerItemProxy */;
		};
/* End PBXTargetDependency section */

/* Begin PBXVariantGroup section */
		14E6FEDF1DF19B820096CE38 /* Main.storyboard */ = {
			isa = PBXVariantGroup;
			children = (
				14E6FEE01DF19B820096CE38 /* Base */,
			);
			name = Main.storyboard;
			sourceTree = "<group>";
		};
		14E6FEE41DF19B820096CE38 /* LaunchScreen.storyboard */ = {
			isa = PBXVariantGroup;
			children = (
				14E6FEE51DF19B820096CE38 /* Base */,
			);
			name = LaunchScreen.storyboard;
			sourceTree = "<group>";
		};
/* End PBXVariantGroup section */

/* Begin XCBuildConfiguration section */
		14E6FEFE1DF19B820096CE38 /* Debug */ = {
			isa = XCBuildConfiguration;
			buildSettings = {
				ALWAYS_SEARCH_USER_PATHS = NO;
				CLANG_ANALYZER_NONNULL = YES;
				CLANG_CXX_LANGUAGE_STANDARD = "gnu++0x";
				CLANG_CXX_LIBRARY = "libc++";
				CLANG_ENABLE_MODULES = YES;
				CLANG_ENABLE_OBJC_ARC = YES;
				CLANG_WARN_BOOL_CONVERSION = YES;
				CLANG_WARN_CONSTANT_CONVERSION = YES;
				CLANG_WARN_DIRECT_OBJC_ISA_USAGE = YES_ERROR;
				CLANG_WARN_DOCUMENTATION_COMMENTS = YES;
				CLANG_WARN_EMPTY_BODY = YES;
				CLANG_WARN_ENUM_CONVERSION = YES;
				CLANG_WARN_INFINITE_RECURSION = YES;
				CLANG_WARN_INT_CONVERSION = YES;
				CLANG_WARN_OBJC_ROOT_CLASS = YES_ERROR;
				CLANG_WARN_SUSPICIOUS_MOVES = YES;
				CLANG_WARN_UNREACHABLE_CODE = YES;
				CLANG_WARN__DUPLICATE_METHOD_MATCH = YES;
				"CODE_SIGN_IDENTITY[sdk=iphoneos*]" = "iPhone Developer";
				COPY_PHASE_STRIP = NO;
				DEBUG_INFORMATION_FORMAT = dwarf;
				ENABLE_STRICT_OBJC_MSGSEND = YES;
				ENABLE_TESTABILITY = YES;
				GCC_C_LANGUAGE_STANDARD = gnu99;
				GCC_DYNAMIC_NO_PIC = NO;
				GCC_NO_COMMON_BLOCKS = YES;
				GCC_OPTIMIZATION_LEVEL = 0;
				GCC_PREPROCESSOR_DEFINITIONS = (
					"DEBUG=1",
					"$(inherited)",
				);
				GCC_WARN_64_TO_32_BIT_CONVERSION = YES;
				GCC_WARN_ABOUT_RETURN_TYPE = YES_ERROR;
				GCC_WARN_UNDECLARED_SELECTOR = YES;
				GCC_WARN_UNINITIALIZED_AUTOS = YES_AGGRESSIVE;
				GCC_WARN_UNUSED_FUNCTION = YES;
				GCC_WARN_UNUSED_VARIABLE = YES;
				IPHONEOS_DEPLOYMENT_TARGET = 10.0;
				MTL_ENABLE_DEBUG_INFO = YES;
				ONLY_ACTIVE_ARCH = YES;
				SDKROOT = iphoneos;
				TARGETED_DEVICE_FAMILY = "1,2";
			};
			name = Debug;
		};
		14E6FEFF1DF19B820096CE38 /* Release */ = {
			isa = XCBuildConfiguration;
			buildSettings = {
				ALWAYS_SEARCH_USER_PATHS = NO;
				CLANG_ANALYZER_NONNULL = YES;
				CLANG_CXX_LANGUAGE_STANDARD = "gnu++0x";
				CLANG_CXX_LIBRARY = "libc++";
				CLANG_ENABLE_MODULES = YES;
				CLANG_ENABLE_OBJC_ARC = YES;
				CLANG_WARN_BOOL_CONVERSION = YES;
				CLANG_WARN_CONSTANT_CONVERSION = YES;
				CLANG_WARN_DIRECT_OBJC_ISA_USAGE = YES_ERROR;
				CLANG_WARN_DOCUMENTATION_COMMENTS = YES;
				CLANG_WARN_EMPTY_BODY = YES;
				CLANG_WARN_ENUM_CONVERSION = YES;
				CLANG_WARN_INFINITE_RECURSION = YES;
				CLANG_WARN_INT_CONVERSION = YES;
				CLANG_WARN_OBJC_ROOT_CLASS = YES_ERROR;
				CLANG_WARN_SUSPICIOUS_MOVES = YES;
				CLANG_WARN_UNREACHABLE_CODE = YES;
				CLANG_WARN__DUPLICATE_METHOD_MATCH = YES;
				"CODE_SIGN_IDENTITY[sdk=iphoneos*]" = "iPhone Developer";
				COPY_PHASE_STRIP = NO;
				DEBUG_INFORMATION_FORMAT = "dwarf-with-dsym";
				ENABLE_NS_ASSERTIONS = NO;
				ENABLE_STRICT_OBJC_MSGSEND = YES;
				GCC_C_LANGUAGE_STANDARD = gnu99;
				GCC_NO_COMMON_BLOCKS = YES;
				GCC_WARN_64_TO_32_BIT_CONVERSION = YES;
				GCC_WARN_ABOUT_RETURN_TYPE = YES_ERROR;
				GCC_WARN_UNDECLARED_SELECTOR = YES;
				GCC_WARN_UNINITIALIZED_AUTOS = YES_AGGRESSIVE;
				GCC_WARN_UNUSED_FUNCTION = YES;
				GCC_WARN_UNUSED_VARIABLE = YES;
				IPHONEOS_DEPLOYMENT_TARGET = 10.0;
				MTL_ENABLE_DEBUG_INFO = NO;
				SDKROOT = iphoneos;
				TARGETED_DEVICE_FAMILY = "1,2";
				VALIDATE_PRODUCT = YES;
			};
			name = Release;
		};
		14E6FF011DF19B820096CE38 /* Debug */ = {
			isa = XCBuildConfiguration;
			buildSettings = {
				ASSETCATALOG_COMPILER_APPICON_NAME = AppIcon;
				DEVELOPMENT_TEAM = ZBZK7L73XP;
				INFOPLIST_FILE = ScrollViewAutolayout/Info.plist;
				LD_RUNPATH_SEARCH_PATHS = "$(inherited) @executable_path/Frameworks";
				PRODUCT_BUNDLE_IDENTIFIER = com.artificers.ScrollViewAutolayout;
				PRODUCT_NAME = "$(TARGET_NAME)";
			};
			name = Debug;
		};
		14E6FF021DF19B820096CE38 /* Release */ = {
			isa = XCBuildConfiguration;
			buildSettings = {
				ASSETCATALOG_COMPILER_APPICON_NAME = AppIcon;
				DEVELOPMENT_TEAM = ZBZK7L73XP;
				INFOPLIST_FILE = ScrollViewAutolayout/Info.plist;
				LD_RUNPATH_SEARCH_PATHS = "$(inherited) @executable_path/Frameworks";
				PRODUCT_BUNDLE_IDENTIFIER = com.artificers.ScrollViewAutolayout;
				PRODUCT_NAME = "$(TARGET_NAME)";
			};
			name = Release;
		};
		14E6FF041DF19B820096CE38 /* Debug */ = {
			isa = XCBuildConfiguration;
			buildSettings = {
				BUNDLE_LOADER = "$(TEST_HOST)";
				DEVELOPMENT_TEAM = ZBZK7L73XP;
				INFOPLIST_FILE = ScrollViewAutolayoutTests/Info.plist;
				LD_RUNPATH_SEARCH_PATHS = "$(inherited) @executable_path/Frameworks @loader_path/Frameworks";
				PRODUCT_BUNDLE_IDENTIFIER = com.artificers.ScrollViewAutolayoutTests;
				PRODUCT_NAME = "$(TARGET_NAME)";
				TEST_HOST = "$(BUILT_PRODUCTS_DIR)/ScrollViewAutolayout.app/ScrollViewAutolayout";
			};
			name = Debug;
		};
		14E6FF051DF19B820096CE38 /* Release */ = {
			isa = XCBuildConfiguration;
			buildSettings = {
				BUNDLE_LOADER = "$(TEST_HOST)";
				DEVELOPMENT_TEAM = ZBZK7L73XP;
				INFOPLIST_FILE = ScrollViewAutolayoutTests/Info.plist;
				LD_RUNPATH_SEARCH_PATHS = "$(inherited) @executable_path/Frameworks @loader_path/Frameworks";
				PRODUCT_BUNDLE_IDENTIFIER = com.artificers.ScrollViewAutolayoutTests;
				PRODUCT_NAME = "$(TARGET_NAME)";
				TEST_HOST = "$(BUILT_PRODUCTS_DIR)/ScrollViewAutolayout.app/ScrollViewAutolayout";
			};
			name = Release;
		};
		14E6FF071DF19B820096CE38 /* Debug */ = {
			isa = XCBuildConfiguration;
			buildSettings = {
				DEVELOPMENT_TEAM = ZBZK7L73XP;
				INFOPLIST_FILE = ScrollViewAutolayoutUITests/Info.plist;
				LD_RUNPATH_SEARCH_PATHS = "$(inherited) @executable_path/Frameworks @loader_path/Frameworks";
				PRODUCT_BUNDLE_IDENTIFIER = com.artificers.ScrollViewAutolayoutUITests;
				PRODUCT_NAME = "$(TARGET_NAME)";
				TEST_TARGET_NAME = ScrollViewAutolayout;
			};
			name = Debug;
		};
		14E6FF081DF19B820096CE38 /* Release */ = {
			isa = XCBuildConfiguration;
			buildSettings = {
				DEVELOPMENT_TEAM = ZBZK7L73XP;
				INFOPLIST_FILE = ScrollViewAutolayoutUITests/Info.plist;
				LD_RUNPATH_SEARCH_PATHS = "$(inherited) @executable_path/Frameworks @loader_path/Frameworks";
				PRODUCT_BUNDLE_IDENTIFIER = com.artificers.ScrollViewAutolayoutUITests;
				PRODUCT_NAME = "$(TARGET_NAME)";
				TEST_TARGET_NAME = ScrollViewAutolayout;
			};
			name = Release;
		};
/* End XCBuildConfiguration section */

/* Begin XCConfigurationList section */
		14E6FECE1DF19B820096CE38 /* Build configuration list for PBXProject "ScrollViewAutolayout" */ = {
			isa = XCConfigurationList;
			buildConfigurations = (
				14E6FEFE1DF19B820096CE38 /* Debug */,
				14E6FEFF1DF19B820096CE38 /* Release */,
			);
			defaultConfigurationIsVisible = 0;
			defaultConfigurationName = Release;
		};
		14E6FF001DF19B820096CE38 /* Build configuration list for PBXNativeTarget "ScrollViewAutolayout" */ = {
			isa = XCConfigurationList;
			buildConfigurations = (
				14E6FF011DF19B820096CE38 /* Debug */,
				14E6FF021DF19B820096CE38 /* Release */,
			);
			defaultConfigurationIsVisible = 0;
		};
		14E6FF031DF19B820096CE38 /* Build configuration list for PBXNativeTarget "ScrollViewAutolayoutTests" */ = {
			isa = XCConfigurationList;
			buildConfigurations = (
				14E6FF041DF19B820096CE38 /* Debug */,
				14E6FF051DF19B820096CE38 /* Release */,
			);
			defaultConfigurationIsVisible = 0;
		};
		14E6FF061DF19B820096CE38 /* Build configuration list for PBXNativeTarget "ScrollViewAutolayoutUITests" */ = {
			isa = XCConfigurationList;
			buildConfigurations = (
				14E6FF071DF19B820096CE38 /* Debug */,
				14E6FF081DF19B820096CE38 /* Release */,
			);
			defaultConfigurationIsVisible = 0;
		};
/* End XCConfigurationList section */
	};
	rootObject = 14E6FECB1DF19B820096CE38 /* Project object */;
}
